
Microsoft Visual Studio Solution File, Format Version 12.00
# Visual Studio 15
VisualStudioVersion = 15.0.27130.2027
MinimumVisualStudioVersion = 10.0.40219.1
Project("{FAE04EC0-301F-11D3-BF4B-00C04F79EFBC}") = "HelloASP", "HelloASP\HelloASP.csproj", "{CA8FD1C7-CE04-4E77-A07E-85E4B51FD750}"
EndProject
Project("{FAE04EC0-301F-11D3-BF4B-00C04F79EFBC}") = "HelloASP.Tests", "HelloASP.Tests\HelloASP.Tests.csproj", "{0E0AC90E-ED69-45D1-A359-6CEA0DB81380}"
EndProject
Global
	GlobalSection(SolutionConfigurationPlatforms) = preSolution
		Debug|Any CPU = Debug|Any CPU
		Release|Any CPU = Release|Any CPU
	EndGlobalSection
	GlobalSection(ProjectConfigurationPlatforms) = postSolution
		{CA8FD1C7-CE04-4E77-A07E-85E4B51FD750}.Debug|Any CPU.ActiveCfg = Debug|Any CPU
		{CA8FD1C7-CE04-4E77-A07E-85E4B51FD750}.Debug|Any CPU.Build.0 = Debug|Any CPU
		{CA8FD1C7-CE04-4E77-A07E-85E4B51FD750}.Release|Any CPU.ActiveCfg = Release|Any CPU
		{CA8FD1C7-CE04-4E77-A07E-85E4B51FD750}.Release|Any CPU.Build.0 = Release|Any CPU
		{0E0AC90E-ED69-45D1-A359-6CEA0DB81380}.Debug|Any CPU.ActiveCfg = Debug|Any CPU
		{0E0AC90E-ED69-45D1-A359-6CEA0DB81380}.Debug|Any CPU.Build.0 = Debug|Any CPU
		{0E0AC90E-ED69-45D1-A359-6CEA0DB81380}.Release|Any CPU.ActiveCfg = Release|Any CPU
		{0E0AC90E-ED69-45D1-A359-6CEA0DB81380}.Release|Any CPU.Build.0 = Release|Any CPU
	EndGlobalSection
	GlobalSection(SolutionProperties) = preSolution
		HideSolutionNode = FALSE
	EndGlobalSection
	GlobalSection(ExtensibilityGlobals) = postSolution
		SolutionGuid = {640B6F09-FCB8-410B-95CF-AB304FF51234}
	EndGlobalSection
EndGlobal
